
Microsoft Visual Studio Solution File, Format Version 12.00
# Visual Studio 15
VisualStudioVersion = 15.0.28307.1340
MinimumVisualStudioVersion = 10.0.40219.1
Project("{FAE04EC0-301F-11D3-BF4B-00C04F79EFBC}") = "Vista Empleado", "Vista Empleado\Vista Empleado.csproj", "{3C36EC1E-CA0E-4A54-9B29-F5BEF4672393}"
EndProject
Project("{FAE04EC0-301F-11D3-BF4B-00C04F79EFBC}") = "Controlador", "Controlador\Controlador.csproj", "{7D2054BE-3A91-425B-B373-B295BBEAD81B}"
EndProject
Project("{FAE04EC0-301F-11D3-BF4B-00C04F79EFBC}") = "Modelo", "Modelo\Modelo.csproj", "{C78796B7-6914-4866-BFE0-43A5E6BDF0FE}"
EndProject
Global
	GlobalSection(SolutionConfigurationPlatforms) = preSolution
		Debug|Any CPU = Debug|Any CPU
		Release|Any CPU = Release|Any CPU
	EndGlobalSection
	GlobalSection(ProjectConfigurationPlatforms) = postSolution
		{3C36EC1E-CA0E-4A54-9B29-F5BEF4672393}.Debug|Any CPU.ActiveCfg = Debug|Any CPU
		{3C36EC1E-CA0E-4A54-9B29-F5BEF4672393}.Debug|Any CPU.Build.0 = Debug|Any CPU
		{3C36EC1E-CA0E-4A54-9B29-F5BEF4672393}.Release|Any CPU.ActiveCfg = Release|Any CPU
		{3C36EC1E-CA0E-4A54-9B29-F5BEF4672393}.Release|Any CPU.Build.0 = Release|Any CPU
		{7D2054BE-3A91-425B-B373-B295BBEAD81B}.Debug|Any CPU.ActiveCfg = Debug|Any CPU
		{7D2054BE-3A91-425B-B373-B295BBEAD81B}.Debug|Any CPU.Build.0 = Debug|Any CPU
		{7D2054BE-3A91-425B-B373-B295BBEAD81B}.Release|Any CPU.ActiveCfg = Release|Any CPU
		{7D2054BE-3A91-425B-B373-B295BBEAD81B}.Release|Any CPU.Build.0 = Release|Any CPU
		{C78796B7-6914-4866-BFE0-43A5E6BDF0FE}.Debug|Any CPU.ActiveCfg = Debug|Any CPU
		{C78796B7-6914-4866-BFE0-43A5E6BDF0FE}.Debug|Any CPU.Build.0 = Debug|Any CPU
		{C78796B7-6914-4866-BFE0-43A5E6BDF0FE}.Release|Any CPU.ActiveCfg = Release|Any CPU
		{C78796B7-6914-4866-BFE0-43A5E6BDF0FE}.Release|Any CPU.Build.0 = Release|Any CPU
	EndGlobalSection
	GlobalSection(SolutionProperties) = preSolution
		HideSolutionNode = FALSE
	EndGlobalSection
	GlobalSection(ExtensibilityGlobals) = postSolution
		SolutionGuid = {ABE12DDF-DDA1-431A-B345-DCD6C4E2894F}
	EndGlobalSection
EndGlobal
